
Microsoft Visual Studio Solution File, Format Version 12.00
# Visual Studio Version 17
VisualStudioVersion = 17.14.36511.14 d17.14
MinimumVisualStudioVersion = 10.0.40219.1
Project("{FAE04EC0-301F-11D3-BF4B-00C04F79EFBC}") = "FileManagerCLI", "FileManagerCLI\FileManagerCLI.csproj", "{DBDF01F5-518E-4203-8A3E-299C940E4F74}"
EndProject
Global
	GlobalSection(SolutionConfigurationPlatforms) = preSolution
		Debug|Any CPU = Debug|Any CPU
		Release|Any CPU = Release|Any CPU
	EndGlobalSection
	GlobalSection(ProjectConfigurationPlatforms) = postSolution
		{DBDF01F5-518E-4203-8A3E-299C940E4F74}.Debug|Any CPU.ActiveCfg = Debug|Any CPU
		{DBDF01F5-518E-4203-8A3E-299C940E4F74}.Debug|Any CPU.Build.0 = Debug|Any CPU
		{DBDF01F5-518E-4203-8A3E-299C940E4F74}.Release|Any CPU.ActiveCfg = Release|Any CPU
		{DBDF01F5-518E-4203-8A3E-299C940E4F74}.Release|Any CPU.Build.0 = Release|Any CPU
	EndGlobalSection
	GlobalSection(SolutionProperties) = preSolution
		HideSolutionNode = FALSE
	EndGlobalSection
	GlobalSection(ExtensibilityGlobals) = postSolution
		SolutionGuid = {02D3567B-4CA3-477D-B7A5-026B50F46841}
	EndGlobalSection
EndGlobal
